// !$*UTF8*$!
{
	archiveVersion = 1;
	classes = {
	};
	objectVersion = 50;
	objects = {

/* Begin PBXBuildFile section */
		782F44CA26150BFD00320932 /* AppDelegate.swift in Sources */ = {isa = PBXBuildFile; fileRef = 782F44C926150BFD00320932 /* AppDelegate.swift */; };
		782F44CC26150BFD00320932 /* art.scnassets in Resources */ = {isa = PBXBuildFile; fileRef = 782F44CB26150BFD00320932 /* art.scnassets */; };
		782F44CE26150BFD00320932 /* ViewController.swift in Sources */ = {isa = PBXBuildFile; fileRef = 782F44CD26150BFD00320932 /* ViewController.swift */; };
		782F44D126150BFD00320932 /* Main.storyboard in Resources */ = {isa = PBXBuildFile; fileRef = 782F44CF26150BFD00320932 /* Main.storyboard */; };
		782F44D326150BFE00320932 /* Assets.xcassets in Resources */ = {isa = PBXBuildFile; fileRef = 782F44D226150BFE00320932 /* Assets.xcassets */; };
		782F44D626150BFE00320932 /* LaunchScreen.storyboard in Resources */ = {isa = PBXBuildFile; fileRef = 782F44D426150BFE00320932 /* LaunchScreen.storyboard */; };
		782F44E02615120400320932 /* SceneFilterTechnique.metal in Sources */ = {isa = PBXBuildFile; fileRef = 782F44DF2615120400320932 /* SceneFilterTechnique.metal */; };
		782F44E32615120D00320932 /* SceneFilterTechnique.plist in Resources */ = {isa = PBXBuildFile; fileRef = 782F44E22615120D00320932 /* SceneFilterTechnique.plist */; };
/* End PBXBuildFile section */

/* Begin PBXFileReference section */
		782F44C626150BFD00320932 /* SCNTechnique Experiment.app */ = {isa = PBXFileReference; explicitFileType = wrapper.application; includeInIndex = 0; path = "SCNTechnique Experiment.app"; sourceTree = BUILT_PRODUCTS_DIR; };
		782F44C926150BFD00320932 /* AppDelegate.swift */ = {isa = PBXFileReference; lastKnownFileType = sourcecode.swift; path = AppDelegate.swift; sourceTree = "<group>"; };
		782F44CB26150BFD00320932 /* art.scnassets */ = {isa = PBXFileReference; lastKnownFileType = wrapper.scnassets; path = art.scnassets; sourceTree = "<group>"; };
		782F44CD26150BFD00320932 /* ViewController.swift */ = {isa = PBXFileReference; lastKnownFileType = sourcecode.swift; path = ViewController.swift; sourceTree = "<group>"; };
		782F44D026150BFD00320932 /* Base */ = {isa = PBXFileReference; lastKnownFileType = file.storyboard; name = Base; path = Base.lproj/Main.storyboard; sourceTree = "<group>"; };
		782F44D226150BFE00320932 /* Assets.xcassets */ = {isa = PBXFileReference; lastKnownFileType = folder.assetcatalog; path = Assets.xcassets; sourceTree = "<group>"; };
		782F44D526150BFE00320932 /* Base */ = {isa = PBXFileReference; lastKnownFileType = file.storyboard; name = Base; path = Base.lproj/LaunchScreen.storyboard; sourceTree = "<group>"; };
		782F44D726150BFE00320932 /* Info.plist */ = {isa = PBXFileReference; lastKnownFileType = text.plist.xml; path = Info.plist; sourceTree = "<group>"; };
		782F44DF2615120400320932 /* SceneFilterTechnique.metal */ = {isa = PBXFileReference; fileEncoding = 4; lastKnownFileType = sourcecode.metal; path = SceneFilterTechnique.metal; sourceTree = "<group>"; };
		782F44E22615120D00320932 /* SceneFilterTechnique.plist */ = {isa = PBXFileReference; fileEncoding = 4; lastKnownFileType = text.plist.xml; path = SceneFilterTechnique.plist; sourceTree = "<group>"; };
/* End PBXFileReference section */

/* Begin PBXFrameworksBuildPhase section */
		782F44C326150BFD00320932 /* Frameworks */ = {
			isa = PBXFrameworksBuildPhase;
			buildActionMask = 2147483647;
			files = (
			);
			runOnlyForDeploymentPostprocessing = 0;
		};
/* End PBXFrameworksBuildPhase section */

/* Begin PBXGroup section */
		782F44BD26150BFD00320932 = {
			isa = PBXGroup;
			children = (
				782F44C826150BFD00320932 /* SCNTechnique Experiment */,
				782F44C726150BFD00320932 /* Products */,
			);
			sourceTree = "<group>";
		};
		782F44C726150BFD00320932 /* Products */ = {
			isa = PBXGroup;
			children = (
				782F44C626150BFD00320932 /* SCNTechnique Experiment.app */,
			);
			name = Products;
			sourceTree = "<group>";
		};
		782F44C826150BFD00320932 /* SCNTechnique Experiment */ = {
			isa = PBXGroup;
			children = (
				782F44DE26150F2500320932 /* Metal */,
				782F44C926150BFD00320932 /* AppDelegate.swift */,
				782F44D226150BFE00320932 /* Assets.xcassets */,
				782F44CB26150BFD00320932 /* art.scnassets */,
				782F44CD26150BFD00320932 /* ViewController.swift */,
				782F44CF26150BFD00320932 /* Main.storyboard */,
				782F44D426150BFE00320932 /* LaunchScreen.storyboard */,
				782F44E22615120D00320932 /* SceneFilterTechnique.plist */,
			);
			path = "SCNTechnique Experiment";
			sourceTree = "<group>";
		};
		782F44DE26150F2500320932 /* Metal */ = {
			isa = PBXGroup;
			children = (
				782F44D726150BFE00320932 /* Info.plist */,
				782F44DF2615120400320932 /* SceneFilterTechnique.metal */,
			);
			path = Metal;
			sourceTree = "<group>";
		};
/* End PBXGroup section */

/* Begin PBXNativeTarget section */
		782F44C526150BFD00320932 /* SCNTechnique Experiment */ = {
			isa = PBXNativeTarget;
			buildConfigurationList = 782F44DA26150BFE00320932 /* Build configuration list for PBXNativeTarget "SCNTechnique Experiment" */;
			buildPhases = (
				782F44C226150BFD00320932 /* Sources */,
				782F44C326150BFD00320932 /* Frameworks */,
				782F44C426150BFD00320932 /* Resources */,
			);
			buildRules = (
			);
			dependencies = (
			);
			name = "SCNTechnique Experiment";
			productName = "SCNTechnique Experiment";
			productReference = 782F44C626150BFD00320932 /* SCNTechnique Experiment.app */;
			productType = "com.apple.product-type.application";
		};
/* End PBXNativeTarget section */

/* Begin PBXProject section */
		782F44BE26150BFD00320932 /* Project object */ = {
			isa = PBXProject;
			attributes = {
				LastSwiftUpdateCheck = 1240;
				LastUpgradeCheck = 1240;
				TargetAttributes = {
					782F44C526150BFD00320932 = {
						CreatedOnToolsVersion = 12.4;
					};
				};
			};
			buildConfigurationList = 782F44C126150BFD00320932 /* Build configuration list for PBXProject "SCNTechnique Experiment" */;
			compatibilityVersion = "Xcode 9.3";
			developmentRegion = en;
			hasScannedForEncodings = 0;
			knownRegions = (
				en,
				Base,
			);
			mainGroup = 782F44BD26150BFD00320932;
			productRefGroup = 782F44C726150BFD00320932 /* Products */;
			projectDirPath = "";
			projectRoot = "";
			targets = (
				782F44C526150BFD00320932 /* SCNTechnique Experiment */,
			);
		};
/* End PBXProject section */

/* Begin PBXResourcesBuildPhase section */
		782F44C426150BFD00320932 /* Resources */ = {
			isa = PBXResourcesBuildPhase;
			buildActionMask = 2147483647;
			files = (
				782F44CC26150BFD00320932 /* art.scnassets in Resources */,
				782F44E32615120D00320932 /* SceneFilterTechnique.plist in Resources */,
				782F44D626150BFE00320932 /* LaunchScreen.storyboard in Resources */,
				782F44D326150BFE00320932 /* Assets.xcassets in Resources */,
				782F44D126150BFD00320932 /* Main.storyboard in Resources */,
			);
			runOnlyForDeploymentPostprocessing = 0;
		};
/* End PBXResourcesBuildPhase section */

/* Begin PBXSourcesBuildPhase section */
		782F44C226150BFD00320932 /* Sources */ = {
			isa = PBXSourcesBuildPhase;
			buildActionMask = 2147483647;
			files = (
				782F44E02615120400320932 /* SceneFilterTechnique.metal in Sources */,
				782F44CE26150BFD00320932 /* ViewController.swift in Sources */,
				782F44CA26150BFD00320932 /* AppDelegate.swift in Sources */,
			);
			runOnlyForDeploymentPostprocessing = 0;
		};
/* End PBXSourcesBuildPhase section */

/* Begin PBXVariantGroup section */
		782F44CF26150BFD00320932 /* Main.storyboard */ = {
			isa = PBXVariantGroup;
			children = (
				782F44D026150BFD00320932 /* Base */,
			);
			name = Main.storyboard;
			sourceTree = "<group>";
		};
		782F44D426150BFE00320932 /* LaunchScreen.storyboard */ = {
			isa = PBXVariantGroup;
			children = (
				782F44D526150BFE00320932 /* Base */,
			);
			name = LaunchScreen.storyboard;
			sourceTree = "<group>";
		};
/* End PBXVariantGroup section */

/* Begin XCBuildConfiguration section */
		782F44D826150BFE00320932 /* Debug */ = {
			isa = XCBuildConfiguration;
			buildSettings = {
				ALWAYS_SEARCH_USER_PATHS = NO;
				CLANG_ANALYZER_NONNULL = YES;
				CLANG_ANALYZER_NUMBER_OBJECT_CONVERSION = YES_AGGRESSIVE;
				CLANG_CXX_LANGUAGE_STANDARD = "gnu++14";
				CLANG_CXX_LIBRARY = "libc++";
				CLANG_ENABLE_MODULES = YES;
				CLANG_ENABLE_OBJC_ARC = YES;
				CLANG_ENABLE_OBJC_WEAK = YES;
				CLANG_WARN_BLOCK_CAPTURE_AUTORELEASING = YES;
				CLANG_WARN_BOOL_CONVERSION = YES;
				CLANG_WARN_COMMA = YES;
				CLANG_WARN_CONSTANT_CONVERSION = YES;
				CLANG_WARN_DEPRECATED_OBJC_IMPLEMENTATIONS = YES;
				CLANG_WARN_DIRECT_OBJC_ISA_USAGE = YES_ERROR;
				CLANG_WARN_DOCUMENTATION_COMMENTS = YES;
				CLANG_WARN_EMPTY_BODY = YES;
				CLANG_WARN_ENUM_CONVERSION = YES;
				CLANG_WARN_INFINITE_RECURSION = YES;
				CLANG_WARN_INT_CONVERSION = YES;
				CLANG_WARN_NON_LITERAL_NULL_CONVERSION = YES;
				CLANG_WARN_OBJC_IMPLICIT_RETAIN_SELF = YES;
				CLANG_WARN_OBJC_LITERAL_CONVERSION = YES;
				CLANG_WARN_OBJC_ROOT_CLASS = YES_ERROR;
				CLANG_WARN_QUOTED_INCLUDE_IN_FRAMEWORK_HEADER = YES;
				CLANG_WARN_RANGE_LOOP_ANALYSIS = YES;
				CLANG_WARN_STRICT_PROTOTYPES = YES;
				CLANG_WARN_SUSPICIOUS_MOVE = YES;
				CLANG_WARN_UNGUARDED_AVAILABILITY = YES_AGGRESSIVE;
				CLANG_WARN_UNREACHABLE_CODE = YES;
				CLANG_WARN__DUPLICATE_METHOD_MATCH = YES;
				COPY_PHASE_STRIP = NO;
				DEBUG_INFORMATION_FORMAT = dwarf;
				ENABLE_STRICT_OBJC_MSGSEND = YES;
				ENABLE_TESTABILITY = YES;
				GCC_C_LANGUAGE_STANDARD = gnu11;
				GCC_DYNAMIC_NO_PIC = NO;
				GCC_NO_COMMON_BLOCKS = YES;
				GCC_OPTIMIZATION_LEVEL = 0;
				GCC_PREPROCESSOR_DEFINITIONS = (
					"DEBUG=1",
					"$(inherited)",
				);
				GCC_WARN_64_TO_32_BIT_CONVERSION = YES;
				GCC_WARN_ABOUT_RETURN_TYPE = YES_ERROR;
				GCC_WARN_UNDECLARED_SELECTOR = YES;
				GCC_WARN_UNINITIALIZED_AUTOS = YES_AGGRESSIVE;
				GCC_WARN_UNUSED_FUNCTION = YES;
				GCC_WARN_UNUSED_VARIABLE = YES;
				IPHONEOS_DEPLOYMENT_TARGET = 14.4;
				MTL_ENABLE_DEBUG_INFO = INCLUDE_SOURCE;
				MTL_FAST_MATH = YES;
				ONLY_ACTIVE_ARCH = YES;
				SDKROOT = iphoneos;
				SWIFT_ACTIVE_COMPILATION_CONDITIONS = DEBUG;
				SWIFT_OPTIMIZATION_LEVEL = "-Onone";
			};
			name = Debug;
		};
		782F44D926150BFE00320932 /* Release */ = {
			isa = XCBuildConfiguration;
			buildSettings = {
				ALWAYS_SEARCH_USER_PATHS = NO;
				CLANG_ANALYZER_NONNULL = YES;
				CLANG_ANALYZER_NUMBER_OBJECT_CONVERSION = YES_AGGRESSIVE;
				CLANG_CXX_LANGUAGE_STANDARD = "gnu++14";
				CLANG_CXX_LIBRARY = "libc++";
				CLANG_ENABLE_MODULES = YES;
				CLANG_ENABLE_OBJC_ARC = YES;
				CLANG_ENABLE_OBJC_WEAK = YES;
				CLANG_WARN_BLOCK_CAPTURE_AUTORELEASING = YES;
				CLANG_WARN_BOOL_CONVERSION = YES;
				CLANG_WARN_COMMA = YES;
				CLANG_WARN_CONSTANT_CONVERSION = YES;
				CLANG_WARN_DEPRECATED_OBJC_IMPLEMENTATIONS = YES;
				CLANG_WARN_DIRECT_OBJC_ISA_USAGE = YES_ERROR;
				CLANG_WARN_DOCUMENTATION_COMMENTS = YES;
				CLANG_WARN_EMPTY_BODY = YES;
				CLANG_WARN_ENUM_CONVERSION = YES;
				CLANG_WARN_INFINITE_RECURSION = YES;
				CLANG_WARN_INT_CONVERSION = YES;
				CLANG_WARN_NON_LITERAL_NULL_CONVERSION = YES;
				CLANG_WARN_OBJC_IMPLICIT_RETAIN_SELF = YES;
				CLANG_WARN_OBJC_LITERAL_CONVERSION = YES;
				CLANG_WARN_OBJC_ROOT_CLASS = YES_ERROR;
				CLANG_WARN_QUOTED_INCLUDE_IN_FRAMEWORK_HEADER = YES;
				CLANG_WARN_RANGE_LOOP_ANALYSIS = YES;
				CLANG_WARN_STRICT_PROTOTYPES = YES;
				CLANG_WARN_SUSPICIOUS_MOVE = YES;
				CLANG_WARN_UNGUARDED_AVAILABILITY = YES_AGGRESSIVE;
				CLANG_WARN_UNREACHABLE_CODE = YES;
				CLANG_WARN__DUPLICATE_METHOD_MATCH = YES;
				COPY_PHASE_STRIP = NO;
				DEBUG_INFORMATION_FORMAT = "dwarf-with-dsym";
				ENABLE_NS_ASSERTIONS = NO;
				ENABLE_STRICT_OBJC_MSGSEND = YES;
				GCC_C_LANGUAGE_STANDARD = gnu11;
				GCC_NO_COMMON_BLOCKS = YES;
				GCC_WARN_64_TO_32_BIT_CONVERSION = YES;
				GCC_WARN_ABOUT_RETURN_TYPE = YES_ERROR;
				GCC_WARN_UNDECLARED_SELECTOR = YES;
				GCC_WARN_UNINITIALIZED_AUTOS = YES_AGGRESSIVE;
				GCC_WARN_UNUSED_FUNCTION = YES;
				GCC_WARN_UNUSED_VARIABLE = YES;
				IPHONEOS_DEPLOYMENT_TARGET = 14.4;
				MTL_ENABLE_DEBUG_INFO = NO;
				MTL_FAST_MATH = YES;
				SDKROOT = iphoneos;
				SWIFT_COMPILATION_MODE = wholemodule;
				SWIFT_OPTIMIZATION_LEVEL = "-O";
				VALIDATE_PRODUCT = YES;
			};
			name = Release;
		};
		782F44DB26150BFE00320932 /* Debug */ = {
			isa = XCBuildConfiguration;
			buildSettings = {
				ASSETCATALOG_COMPILER_APPICON_NAME = AppIcon;
				ASSETCATALOG_COMPILER_GLOBAL_ACCENT_COLOR_NAME = AccentColor;
				CODE_SIGN_STYLE = Automatic;
				DEVELOPMENT_TEAM = FPL5896D45;
				INFOPLIST_FILE = "SCNTechnique Experiment/Info.plist";
				LD_RUNPATH_SEARCH_PATHS = (
					"$(inherited)",
					"@executable_path/Frameworks",
				);
				PRODUCT_BUNDLE_IDENTIFIER = "com.noorg.SCNTechnique-Experiment";
				PRODUCT_NAME = "$(TARGET_NAME)";
				SWIFT_VERSION = 5.0;
				TARGETED_DEVICE_FAMILY = "1,2";
			};
			name = Debug;
		};
		782F44DC26150BFE00320932 /* Release */ = {
			isa = XCBuildConfiguration;
			buildSettings = {
				ASSETCATALOG_COMPILER_APPICON_NAME = AppIcon;
				ASSETCATALOG_COMPILER_GLOBAL_ACCENT_COLOR_NAME = AccentColor;
				CODE_SIGN_STYLE = Automatic;
				DEVELOPMENT_TEAM = FPL5896D45;
				INFOPLIST_FILE = "SCNTechnique Experiment/Info.plist";
				LD_RUNPATH_SEARCH_PATHS = (
					"$(inherited)",
					"@executable_path/Frameworks",
				);
				PRODUCT_BUNDLE_IDENTIFIER = "com.noorg.SCNTechnique-Experiment";
				PRODUCT_NAME = "$(TARGET_NAME)";
				SWIFT_VERSION = 5.0;
				TARGETED_DEVICE_FAMILY = "1,2";
			};
			name = Release;
		};
/* End XCBuildConfiguration section */

/* Begin XCConfigurationList section */
		782F44C126150BFD00320932 /* Build configuration list for PBXProject "SCNTechnique Experiment" */ = {
			isa = XCConfigurationList;
			buildConfigurations = (
				782F44D826150BFE00320932 /* Debug */,
				782F44D926150BFE00320932 /* Release */,
			);
			defaultConfigurationIsVisible = 0;
			defaultConfigurationName = Release;
		};
		782F44DA26150BFE00320932 /* Build configuration list for PBXNativeTarget "SCNTechnique Experiment" */ = {
			isa = XCConfigurationList;
			buildConfigurations = (
				782F44DB26150BFE00320932 /* Debug */,
				782F44DC26150BFE00320932 /* Release */,
			);
			defaultConfigurationIsVisible = 0;
			defaultConfigurationName = Release;
		};
/* End XCConfigurationList section */
	};
	rootObject = 782F44BE26150BFD00320932 /* Project object */;
}
